# Generated by buf. DO NOT EDIT.
version: v1
deps:
  - remote: buf.build
    owner: cosmos
    repository: cosmos-proto
    commit: 04467658e59e44bbb22fe568206e1f70
    digest: shake256:73a640bd60e0c523b0f8237ff34eab67c45a38b64bbbde1d80224819d272dbf316ac183526bd245f994af6608b025f5130483d0133c5edd385531326b5990466
  - remote: buf.build
    owner: cosmos
    repository: cosmos-sdk
    commit: 5a6ab7bc14314acaa912d5e53aef1c2f
    digest: shake256:02c00c73493720055f9b57553a35b5550023a3c1914123b247956288a78fb913aff70e66552777ae14d759467e119079d484af081264a5dd607a94d9fbc8116b
  - remote: buf.build
    owner: cosmos
    repository: gogo-proto
    commit: 88ef6483f90f478fb938c37dde52ece3
    digest: shake256:89c45df2aa11e0cff97b0d695436713db3d993d76792e9f8dc1ae90e6ab9a9bec55503d48ceedd6b86069ab07d3041b32001b2bfe0227fa725dd515ff381e5ba
  - remote: buf.build
    owner: cosmos
    repository: ibc
    commit: 442292b00c1649c1b2e0881f942d3b53
    digest: shake256:279bccf5ca7c2e3c5789a97f166bd96beede9989c4d1c1e162c5aecd83445b8745e9ede99278cc811af9d6a82335791a1cf988f60201db9a98e2dc567fabfd79
  - remote: buf.build
    owner: cosmos
    repository: ics23
    commit: 55085f7c710a45f58fa09947208eb70b
    digest: shake256:9bf0bc495b5a11c88d163d39ef521bc4b00bc1374a05758c91d82821bdc61f09e8c2c51dda8452529bf80137f34d852561eacbe9550a59015d51cecb0dacb628
  - remote: buf.build
    owner: danwt
    repository: d-hyperlane-cosmos
    commit: 216b170d54ea4bd9bef8323409e75fb9
    digest: shake256:de4e31a08ccac92e4d06aeccdfaad9ffb11771556aa7672fd5d8c69f0ee3e16b4b22c86d18295137cea346f39f26053d90791543c058bb7fa878d5bc114fc788
  - remote: buf.build
    owner: googleapis
    repository: googleapis
    commit: 8d7204855ec14631a499bd7393ce1970
    digest: shake256:40bf4112960cad01281930beed85829910768e32e80e986791596853eccd42c0cbd9d96690b918f658020d2d427e16f8b6514e2ac7f4a10306fd32e77be44329
  - remote: buf.build
    owner: grpc-ecosystem
    repository: grpc-gateway
    commit: 4c5ba75caaf84e928b7137ae5c18c26a
    digest: shake256:e174ad9408f3e608f6157907153ffec8d310783ee354f821f57178ffbeeb8faa6bb70b41b61099c1783c82fe16210ebd1279bc9c9ee6da5cffba9f0e675b8b99
  - remote: buf.build
    owner: protocolbuffers
    repository: wellknowntypes
    commit: 657250e6a39648cbb169d079a60bd9ba
    digest: shake256:00de25001b8dd2e29d85fc4bcc3ede7aed886d76d67f5e0f7a9b320b90f871d3eb73507d50818d823a0512f3f8db77a11c043685528403e31ff3fef18323a9fb
